// !$*UTF8*$!
{
	archiveVersion = 1;
	classes = {
	};
	objectVersion = 55;
	objects = {

/* Begin PBXBuildFile section */
		9D671C13283DB24D00C7BD46 /* AlertItem.swift in Sources */ = {isa = PBXBuildFile; fileRef = 9D671C12283DB24D00C7BD46 /* AlertItem.swift */; };
		9D6B4EA4283C0EE8001F0D67 /* Tic_Tac_ToeApp.swift in Sources */ = {isa = PBXBuildFile; fileRef = 9D6B4EA3283C0EE8001F0D67 /* Tic_Tac_ToeApp.swift */; };
		9D6B4EA6283C0EE8001F0D67 /* ContentView.swift in Sources */ = {isa = PBXBuildFile; fileRef = 9D6B4EA5283C0EE8001F0D67 /* ContentView.swift */; };
		9D6B4EA8283C0EF3001F0D67 /* Assets.xcassets in Resources */ = {isa = PBXBuildFile; fileRef = 9D6B4EA7283C0EF3001F0D67 /* Assets.xcassets */; };
		9D6B4EAB283C0EF3001F0D67 /* Preview Assets.xcassets in Resources */ = {isa = PBXBuildFile; fileRef = 9D6B4EAA283C0EF3001F0D67 /* Preview Assets.xcassets */; };
		9D6B4EB2283C0F3D001F0D67 /* HomeView.swift in Sources */ = {isa = PBXBuildFile; fileRef = 9D6B4EB1283C0F3D001F0D67 /* HomeView.swift */; };
		9D7E0CD3283C2D2D000C5776 /* GameView.swift in Sources */ = {isa = PBXBuildFile; fileRef = 9D7E0CD2283C2D2D000C5776 /* GameView.swift */; };
		9D7E0CD5283C2F9F000C5776 /* GameButton.swift in Sources */ = {isa = PBXBuildFile; fileRef = 9D7E0CD4283C2F9F000C5776 /* GameButton.swift */; };
		9D7E0CD7283C3146000C5776 /* HomeViewModel.swift in Sources */ = {isa = PBXBuildFile; fileRef = 9D7E0CD6283C3146000C5776 /* HomeViewModel.swift */; };
		9D7E0CD9283C486C000C5776 /* LoadingView.swift in Sources */ = {isa = PBXBuildFile; fileRef = 9D7E0CD8283C486C000C5776 /* LoadingView.swift */; };
		9D7E0CDC283D1833000C5776 /* GameViewModel.swift in Sources */ = {isa = PBXBuildFile; fileRef = 9D7E0CDB283D1833000C5776 /* GameViewModel.swift */; };
		9D7E0CDF283D2496000C5776 /* MoveModel.swift in Sources */ = {isa = PBXBuildFile; fileRef = 9D7E0CDE283D2496000C5776 /* MoveModel.swift */; };
		9D7E0CE1283D279A000C5776 /* GameSquerView.swift in Sources */ = {isa = PBXBuildFile; fileRef = 9D7E0CE0283D279A000C5776 /* GameSquerView.swift */; };
		9D7E0CE3283D2846000C5776 /* PlayerIndecoterView.swift in Sources */ = {isa = PBXBuildFile; fileRef = 9D7E0CE2283D2846000C5776 /* PlayerIndecoterView.swift */; };
/* End PBXBuildFile section */

/* Begin PBXFileReference section */
		9D671C12283DB24D00C7BD46 /* AlertItem.swift */ = {isa = PBXFileReference; lastKnownFileType = sourcecode.swift; path = AlertItem.swift; sourceTree = "<group>"; };
		9D6B4EA0283C0EE8001F0D67 /* Tic Tac Toe.app */ = {isa = PBXFileReference; explicitFileType = wrapper.application; includeInIndex = 0; path = "Tic Tac Toe.app"; sourceTree = BUILT_PRODUCTS_DIR; };
		9D6B4EA3283C0EE8001F0D67 /* Tic_Tac_ToeApp.swift */ = {isa = PBXFileReference; lastKnownFileType = sourcecode.swift; path = Tic_Tac_ToeApp.swift; sourceTree = "<group>"; };
		9D6B4EA5283C0EE8001F0D67 /* ContentView.swift */ = {isa = PBXFileReference; lastKnownFileType = sourcecode.swift; path = ContentView.swift; sourceTree = "<group>"; };
		9D6B4EA7283C0EF3001F0D67 /* Assets.xcassets */ = {isa = PBXFileReference; lastKnownFileType = folder.assetcatalog; path = Assets.xcassets; sourceTree = "<group>"; };
		9D6B4EAA283C0EF3001F0D67 /* Preview Assets.xcassets */ = {isa = PBXFileReference; lastKnownFileType = folder.assetcatalog; path = "Preview Assets.xcassets"; sourceTree = "<group>"; };
		9D6B4EB1283C0F3D001F0D67 /* HomeView.swift */ = {isa = PBXFileReference; lastKnownFileType = sourcecode.swift; path = HomeView.swift; sourceTree = "<group>"; };
		9D7E0CD2283C2D2D000C5776 /* GameView.swift */ = {isa = PBXFileReference; lastKnownFileType = sourcecode.swift; path = GameView.swift; sourceTree = "<group>"; };
		9D7E0CD4283C2F9F000C5776 /* GameButton.swift */ = {isa = PBXFileReference; lastKnownFileType = sourcecode.swift; path = GameButton.swift; sourceTree = "<group>"; };
		9D7E0CD6283C3146000C5776 /* HomeViewModel.swift */ = {isa = PBXFileReference; lastKnownFileType = sourcecode.swift; path = HomeViewModel.swift; sourceTree = "<group>"; };
		9D7E0CD8283C486C000C5776 /* LoadingView.swift */ = {isa = PBXFileReference; lastKnownFileType = sourcecode.swift; path = LoadingView.swift; sourceTree = "<group>"; };
		9D7E0CDB283D1833000C5776 /* GameViewModel.swift */ = {isa = PBXFileReference; lastKnownFileType = sourcecode.swift; path = GameViewModel.swift; sourceTree = "<group>"; };
		9D7E0CDE283D2496000C5776 /* MoveModel.swift */ = {isa = PBXFileReference; lastKnownFileType = sourcecode.swift; path = MoveModel.swift; sourceTree = "<group>"; };
		9D7E0CE0283D279A000C5776 /* GameSquerView.swift */ = {isa = PBXFileReference; lastKnownFileType = sourcecode.swift; path = GameSquerView.swift; sourceTree = "<group>"; };
		9D7E0CE2283D2846000C5776 /* PlayerIndecoterView.swift */ = {isa = PBXFileReference; lastKnownFileType = sourcecode.swift; path = PlayerIndecoterView.swift; sourceTree = "<group>"; };
/* End PBXFileReference section */

/* Begin PBXFrameworksBuildPhase section */
		9D6B4E9D283C0EE8001F0D67 /* Frameworks */ = {
			isa = PBXFrameworksBuildPhase;
			buildActionMask = 2147483647;
			files = (
			);
			runOnlyForDeploymentPostprocessing = 0;
		};
/* End PBXFrameworksBuildPhase section */

/* Begin PBXGroup section */
		9D6B4E97283C0EE8001F0D67 = {
			isa = PBXGroup;
			children = (
				9D6B4EA2283C0EE8001F0D67 /* Tic Tac Toe */,
				9D6B4EA1283C0EE8001F0D67 /* Products */,
			);
			sourceTree = "<group>";
		};
		9D6B4EA1283C0EE8001F0D67 /* Products */ = {
			isa = PBXGroup;
			children = (
				9D6B4EA0283C0EE8001F0D67 /* Tic Tac Toe.app */,
			);
			name = Products;
			sourceTree = "<group>";
		};
		9D6B4EA2283C0EE8001F0D67 /* Tic Tac Toe */ = {
			isa = PBXGroup;
			children = (
				9D6B4EA3283C0EE8001F0D67 /* Tic_Tac_ToeApp.swift */,
				9D7E0CDD283D18D1000C5776 /* Views */,
				9D7E0CDA283D1801000C5776 /* Models */,
				9D6B4EA5283C0EE8001F0D67 /* ContentView.swift */,
				9D6B4EA7283C0EF3001F0D67 /* Assets.xcassets */,
				9D6B4EA9283C0EF3001F0D67 /* Preview Content */,
				9D7E0CD4283C2F9F000C5776 /* GameButton.swift */,
			);
			path = "Tic Tac Toe";
			sourceTree = "<group>";
		};
		9D6B4EA9283C0EF3001F0D67 /* Preview Content */ = {
			isa = PBXGroup;
			children = (
				9D6B4EAA283C0EF3001F0D67 /* Preview Assets.xcassets */,
			);
			path = "Preview Content";
			sourceTree = "<group>";
		};
		9D7E0CDA283D1801000C5776 /* Models */ = {
			isa = PBXGroup;
			children = (
				9D7E0CD6283C3146000C5776 /* HomeViewModel.swift */,
				9D7E0CDB283D1833000C5776 /* GameViewModel.swift */,
				9D7E0CDE283D2496000C5776 /* MoveModel.swift */,
				9D671C12283DB24D00C7BD46 /* AlertItem.swift */,
			);
			path = Models;
			sourceTree = "<group>";
		};
		9D7E0CDD283D18D1000C5776 /* Views */ = {
			isa = PBXGroup;
			children = (
				9D7E0CD8283C486C000C5776 /* LoadingView.swift */,
				9D7E0CD2283C2D2D000C5776 /* GameView.swift */,
				9D6B4EB1283C0F3D001F0D67 /* HomeView.swift */,
				9D7E0CE0283D279A000C5776 /* GameSquerView.swift */,
				9D7E0CE2283D2846000C5776 /* PlayerIndecoterView.swift */,
			);
			path = Views;
			sourceTree = "<group>";
		};
/* End PBXGroup section */

/* Begin PBXNativeTarget section */
		9D6B4E9F283C0EE8001F0D67 /* Tic Tac Toe */ = {
			isa = PBXNativeTarget;
			buildConfigurationList = 9D6B4EAE283C0EF3001F0D67 /* Build configuration list for PBXNativeTarget "Tic Tac Toe" */;
			buildPhases = (
				9D6B4E9C283C0EE8001F0D67 /* Sources */,
				9D6B4E9D283C0EE8001F0D67 /* Frameworks */,
				9D6B4E9E283C0EE8001F0D67 /* Resources */,
			);
			buildRules = (
			);
			dependencies = (
			);
			name = "Tic Tac Toe";
			productName = "Tic Tac Toe";
			productReference = 9D6B4EA0283C0EE8001F0D67 /* Tic Tac Toe.app */;
			productType = "com.apple.product-type.application";
		};
/* End PBXNativeTarget section */

/* Begin PBXProject section */
		9D6B4E98283C0EE8001F0D67 /* Project object */ = {
			isa = PBXProject;
			attributes = {
				BuildIndependentTargetsInParallel = 1;
				LastSwiftUpdateCheck = 1310;
				LastUpgradeCheck = 1310;
				TargetAttributes = {
					9D6B4E9F283C0EE8001F0D67 = {
						CreatedOnToolsVersion = 13.1;
					};
				};
			};
			buildConfigurationList = 9D6B4E9B283C0EE8001F0D67 /* Build configuration list for PBXProject "Tic Tac Toe" */;
			compatibilityVersion = "Xcode 13.0";
			developmentRegion = en;
			hasScannedForEncodings = 0;
			knownRegions = (
				en,
				Base,
			);
			mainGroup = 9D6B4E97283C0EE8001F0D67;
			productRefGroup = 9D6B4EA1283C0EE8001F0D67 /* Products */;
			projectDirPath = "";
			projectRoot = "";
			targets = (
				9D6B4E9F283C0EE8001F0D67 /* Tic Tac Toe */,
			);
		};
/* End PBXProject section */

/* Begin PBXResourcesBuildPhase section */
		9D6B4E9E283C0EE8001F0D67 /* Resources */ = {
			isa = PBXResourcesBuildPhase;
			buildActionMask = 2147483647;
			files = (
				9D6B4EAB283C0EF3001F0D67 /* Preview Assets.xcassets in Resources */,
				9D6B4EA8283C0EF3001F0D67 /* Assets.xcassets in Resources */,
			);
			runOnlyForDeploymentPostprocessing = 0;
		};
/* End PBXResourcesBuildPhase section */

/* Begin PBXSourcesBuildPhase section */
		9D6B4E9C283C0EE8001F0D67 /* Sources */ = {
			isa = PBXSourcesBuildPhase;
			buildActionMask = 2147483647;
			files = (
				9D6B4EB2283C0F3D001F0D67 /* HomeView.swift in Sources */,
				9D671C13283DB24D00C7BD46 /* AlertItem.swift in Sources */,
				9D7E0CE1283D279A000C5776 /* GameSquerView.swift in Sources */,
				9D7E0CD7283C3146000C5776 /* HomeViewModel.swift in Sources */,
				9D6B4EA6283C0EE8001F0D67 /* ContentView.swift in Sources */,
				9D7E0CD3283C2D2D000C5776 /* GameView.swift in Sources */,
				9D7E0CDF283D2496000C5776 /* MoveModel.swift in Sources */,
				9D7E0CDC283D1833000C5776 /* GameViewModel.swift in Sources */,
				9D7E0CE3283D2846000C5776 /* PlayerIndecoterView.swift in Sources */,
				9D6B4EA4283C0EE8001F0D67 /* Tic_Tac_ToeApp.swift in Sources */,
				9D7E0CD9283C486C000C5776 /* LoadingView.swift in Sources */,
				9D7E0CD5283C2F9F000C5776 /* GameButton.swift in Sources */,
			);
			runOnlyForDeploymentPostprocessing = 0;
		};
/* End PBXSourcesBuildPhase section */

/* Begin XCBuildConfiguration section */
		9D6B4EAC283C0EF3001F0D67 /* Debug */ = {
			isa = XCBuildConfiguration;
			buildSettings = {
				ALWAYS_SEARCH_USER_PATHS = NO;
				CLANG_ANALYZER_NONNULL = YES;
				CLANG_ANALYZER_NUMBER_OBJECT_CONVERSION = YES_AGGRESSIVE;
				CLANG_CXX_LANGUAGE_STANDARD = "gnu++17";
				CLANG_CXX_LIBRARY = "libc++";
				CLANG_ENABLE_MODULES = YES;
				CLANG_ENABLE_OBJC_ARC = YES;
				CLANG_ENABLE_OBJC_WEAK = YES;
				CLANG_WARN_BLOCK_CAPTURE_AUTORELEASING = YES;
				CLANG_WARN_BOOL_CONVERSION = YES;
				CLANG_WARN_COMMA = YES;
				CLANG_WARN_CONSTANT_CONVERSION = YES;
				CLANG_WARN_DEPRECATED_OBJC_IMPLEMENTATIONS = YES;
				CLANG_WARN_DIRECT_OBJC_ISA_USAGE = YES_ERROR;
				CLANG_WARN_DOCUMENTATION_COMMENTS = YES;
				CLANG_WARN_EMPTY_BODY = YES;
				CLANG_WARN_ENUM_CONVERSION = YES;
				CLANG_WARN_INFINITE_RECURSION = YES;
				CLANG_WARN_INT_CONVERSION = YES;
				CLANG_WARN_NON_LITERAL_NULL_CONVERSION = YES;
				CLANG_WARN_OBJC_IMPLICIT_RETAIN_SELF = YES;
				CLANG_WARN_OBJC_LITERAL_CONVERSION = YES;
				CLANG_WARN_OBJC_ROOT_CLASS = YES_ERROR;
				CLANG_WARN_QUOTED_INCLUDE_IN_FRAMEWORK_HEADER = YES;
				CLANG_WARN_RANGE_LOOP_ANALYSIS = YES;
				CLANG_WARN_STRICT_PROTOTYPES = YES;
				CLANG_WARN_SUSPICIOUS_MOVE = YES;
				CLANG_WARN_UNGUARDED_AVAILABILITY = YES_AGGRESSIVE;
				CLANG_WARN_UNREACHABLE_CODE = YES;
				CLANG_WARN__DUPLICATE_METHOD_MATCH = YES;
				COPY_PHASE_STRIP = NO;
				DEBUG_INFORMATION_FORMAT = dwarf;
				ENABLE_STRICT_OBJC_MSGSEND = YES;
				ENABLE_TESTABILITY = YES;
				GCC_C_LANGUAGE_STANDARD = gnu11;
				GCC_DYNAMIC_NO_PIC = NO;
				GCC_NO_COMMON_BLOCKS = YES;
				GCC_OPTIMIZATION_LEVEL = 0;
				GCC_PREPROCESSOR_DEFINITIONS = (
					"DEBUG=1",
					"$(inherited)",
				);
				GCC_WARN_64_TO_32_BIT_CONVERSION = YES;
				GCC_WARN_ABOUT_RETURN_TYPE = YES_ERROR;
				GCC_WARN_UNDECLARED_SELECTOR = YES;
				GCC_WARN_UNINITIALIZED_AUTOS = YES_AGGRESSIVE;
				GCC_WARN_UNUSED_FUNCTION = YES;
				GCC_WARN_UNUSED_VARIABLE = YES;
				IPHONEOS_DEPLOYMENT_TARGET = 15.0;
				MTL_ENABLE_DEBUG_INFO = INCLUDE_SOURCE;
				MTL_FAST_MATH = YES;
				ONLY_ACTIVE_ARCH = YES;
				SDKROOT = iphoneos;
				SWIFT_ACTIVE_COMPILATION_CONDITIONS = DEBUG;
				SWIFT_OPTIMIZATION_LEVEL = "-Onone";
			};
			name = Debug;
		};
		9D6B4EAD283C0EF3001F0D67 /* Release */ = {
			isa = XCBuildConfiguration;
			buildSettings = {
				ALWAYS_SEARCH_USER_PATHS = NO;
				CLANG_ANALYZER_NONNULL = YES;
				CLANG_ANALYZER_NUMBER_OBJECT_CONVERSION = YES_AGGRESSIVE;
				CLANG_CXX_LANGUAGE_STANDARD = "gnu++17";
				CLANG_CXX_LIBRARY = "libc++";
				CLANG_ENABLE_MODULES = YES;
				CLANG_ENABLE_OBJC_ARC = YES;
				CLANG_ENABLE_OBJC_WEAK = YES;
				CLANG_WARN_BLOCK_CAPTURE_AUTORELEASING = YES;
				CLANG_WARN_BOOL_CONVERSION = YES;
				CLANG_WARN_COMMA = YES;
				CLANG_WARN_CONSTANT_CONVERSION = YES;
				CLANG_WARN_DEPRECATED_OBJC_IMPLEMENTATIONS = YES;
				CLANG_WARN_DIRECT_OBJC_ISA_USAGE = YES_ERROR;
				CLANG_WARN_DOCUMENTATION_COMMENTS = YES;
				CLANG_WARN_EMPTY_BODY = YES;
				CLANG_WARN_ENUM_CONVERSION = YES;
				CLANG_WARN_INFINITE_RECURSION = YES;
				CLANG_WARN_INT_CONVERSION = YES;
				CLANG_WARN_NON_LITERAL_NULL_CONVERSION = YES;
				CLANG_WARN_OBJC_IMPLICIT_RETAIN_SELF = YES;
				CLANG_WARN_OBJC_LITERAL_CONVERSION = YES;
				CLANG_WARN_OBJC_ROOT_CLASS = YES_ERROR;
				CLANG_WARN_QUOTED_INCLUDE_IN_FRAMEWORK_HEADER = YES;
				CLANG_WARN_RANGE_LOOP_ANALYSIS = YES;
				CLANG_WARN_STRICT_PROTOTYPES = YES;
				CLANG_WARN_SUSPICIOUS_MOVE = YES;
				CLANG_WARN_UNGUARDED_AVAILABILITY = YES_AGGRESSIVE;
				CLANG_WARN_UNREACHABLE_CODE = YES;
				CLANG_WARN__DUPLICATE_METHOD_MATCH = YES;
				COPY_PHASE_STRIP = NO;
				DEBUG_INFORMATION_FORMAT = "dwarf-with-dsym";
				ENABLE_NS_ASSERTIONS = NO;
				ENABLE_STRICT_OBJC_MSGSEND = YES;
				GCC_C_LANGUAGE_STANDARD = gnu11;
				GCC_NO_COMMON_BLOCKS = YES;
				GCC_WARN_64_TO_32_BIT_CONVERSION = YES;
				GCC_WARN_ABOUT_RETURN_TYPE = YES_ERROR;
				GCC_WARN_UNDECLARED_SELECTOR = YES;
				GCC_WARN_UNINITIALIZED_AUTOS = YES_AGGRESSIVE;
				GCC_WARN_UNUSED_FUNCTION = YES;
				GCC_WARN_UNUSED_VARIABLE = YES;
				IPHONEOS_DEPLOYMENT_TARGET = 15.0;
				MTL_ENABLE_DEBUG_INFO = NO;
				MTL_FAST_MATH = YES;
				SDKROOT = iphoneos;
				SWIFT_COMPILATION_MODE = wholemodule;
				SWIFT_OPTIMIZATION_LEVEL = "-O";
				VALIDATE_PRODUCT = YES;
			};
			name = Release;
		};
		9D6B4EAF283C0EF3001F0D67 /* Debug */ = {
			isa = XCBuildConfiguration;
			buildSettings = {
				ASSETCATALOG_COMPILER_APPICON_NAME = AppIcon;
				ASSETCATALOG_COMPILER_GLOBAL_ACCENT_COLOR_NAME = AccentColor;
				CODE_SIGN_STYLE = Automatic;
				CURRENT_PROJECT_VERSION = 1;
				DEVELOPMENT_ASSET_PATHS = "\"Tic Tac Toe/Preview Content\"";
				DEVELOPMENT_TEAM = R6M3ZFF262;
				ENABLE_PREVIEWS = YES;
				GENERATE_INFOPLIST_FILE = YES;
				INFOPLIST_KEY_UIApplicationSceneManifest_Generation = YES;
				INFOPLIST_KEY_UIApplicationSupportsIndirectInputEvents = YES;
				INFOPLIST_KEY_UILaunchScreen_Generation = YES;
				INFOPLIST_KEY_UISupportedInterfaceOrientations_iPad = "UIInterfaceOrientationPortrait UIInterfaceOrientationPortraitUpsideDown UIInterfaceOrientationLandscapeLeft UIInterfaceOrientationLandscapeRight";
				INFOPLIST_KEY_UISupportedInterfaceOrientations_iPhone = "UIInterfaceOrientationPortrait UIInterfaceOrientationLandscapeLeft UIInterfaceOrientationLandscapeRight";
				LD_RUNPATH_SEARCH_PATHS = (
					"$(inherited)",
					"@executable_path/Frameworks",
				);
				MARKETING_VERSION = 1.0;
				PRODUCT_BUNDLE_IDENTIFIER = "d.Tic-Tac-Toe";
				PRODUCT_NAME = "$(TARGET_NAME)";
				SWIFT_EMIT_LOC_STRINGS = YES;
				SWIFT_VERSION = 5.0;
				TARGETED_DEVICE_FAMILY = "1,2";
			};
			name = Debug;
		};
		9D6B4EB0283C0EF3001F0D67 /* Release */ = {
			isa = XCBuildConfiguration;
			buildSettings = {
				ASSETCATALOG_COMPILER_APPICON_NAME = AppIcon;
				ASSETCATALOG_COMPILER_GLOBAL_ACCENT_COLOR_NAME = AccentColor;
				CODE_SIGN_STYLE = Automatic;
				CURRENT_PROJECT_VERSION = 1;
				DEVELOPMENT_ASSET_PATHS = "\"Tic Tac Toe/Preview Content\"";
				DEVELOPMENT_TEAM = R6M3ZFF262;
				ENABLE_PREVIEWS = YES;
				GENERATE_INFOPLIST_FILE = YES;
				INFOPLIST_KEY_UIApplicationSceneManifest_Generation = YES;
				INFOPLIST_KEY_UIApplicationSupportsIndirectInputEvents = YES;
				INFOPLIST_KEY_UILaunchScreen_Generation = YES;
				INFOPLIST_KEY_UISupportedInterfaceOrientations_iPad = "UIInterfaceOrientationPortrait UIInterfaceOrientationPortraitUpsideDown UIInterfaceOrientationLandscapeLeft UIInterfaceOrientationLandscapeRight";
				INFOPLIST_KEY_UISupportedInterfaceOrientations_iPhone = "UIInterfaceOrientationPortrait UIInterfaceOrientationLandscapeLeft UIInterfaceOrientationLandscapeRight";
				LD_RUNPATH_SEARCH_PATHS = (
					"$(inherited)",
					"@executable_path/Frameworks",
				);
				MARKETING_VERSION = 1.0;
				PRODUCT_BUNDLE_IDENTIFIER = "d.Tic-Tac-Toe";
				PRODUCT_NAME = "$(TARGET_NAME)";
				SWIFT_EMIT_LOC_STRINGS = YES;
				SWIFT_VERSION = 5.0;
				TARGETED_DEVICE_FAMILY = "1,2";
			};
			name = Release;
		};
/* End XCBuildConfiguration section */

/* Begin XCConfigurationList section */
		9D6B4E9B283C0EE8001F0D67 /* Build configuration list for PBXProject "Tic Tac Toe" */ = {
			isa = XCConfigurationList;
			buildConfigurations = (
				9D6B4EAC283C0EF3001F0D67 /* Debug */,
				9D6B4EAD283C0EF3001F0D67 /* Release */,
			);
			defaultConfigurationIsVisible = 0;
			defaultConfigurationName = Release;
		};
		9D6B4EAE283C0EF3001F0D67 /* Build configuration list for PBXNativeTarget "Tic Tac Toe" */ = {
			isa = XCConfigurationList;
			buildConfigurations = (
				9D6B4EAF283C0EF3001F0D67 /* Debug */,
				9D6B4EB0283C0EF3001F0D67 /* Release */,
			);
			defaultConfigurationIsVisible = 0;
			defaultConfigurationName = Release;
		};
/* End XCConfigurationList section */
	};
	rootObject = 9D6B4E98283C0EE8001F0D67 /* Project object */;
}
